
Microsoft Visual Studio Solution File, Format Version 12.00
# Visual Studio 15
VisualStudioVersion = 15.0.27703.2042
MinimumVisualStudioVersion = 10.0.40219.1
Project("{FAE04EC0-301F-11D3-BF4B-00C04F79EFBC}") = "HomeZone.Data", "HomeZone.Data\HomeZone.Data.csproj", "{69F2093E-92C7-4FD9-8050-C27BF77830CF}"
EndProject
Project("{FAE04EC0-301F-11D3-BF4B-00C04F79EFBC}") = "HomeZone.Services", "HomeZone.Services\HomeZone.Services.csproj", "{B03699E4-B0D3-40FB-8993-096CBBAB0841}"
EndProject
Project("{FAE04EC0-301F-11D3-BF4B-00C04F79EFBC}") = "HomeZone.Web", "HomeZone.Web\HomeZone.Web.csproj", "{603B791E-8FCA-46F5-A1F0-1C3CFE2E284E}"
EndProject
Global
	GlobalSection(SolutionConfigurationPlatforms) = preSolution
		Debug|Any CPU = Debug|Any CPU
		Release|Any CPU = Release|Any CPU
	EndGlobalSection
	GlobalSection(ProjectConfigurationPlatforms) = postSolution
		{69F2093E-92C7-4FD9-8050-C27BF77830CF}.Debug|Any CPU.ActiveCfg = Debug|Any CPU
		{69F2093E-92C7-4FD9-8050-C27BF77830CF}.Debug|Any CPU.Build.0 = Debug|Any CPU
		{69F2093E-92C7-4FD9-8050-C27BF77830CF}.Release|Any CPU.ActiveCfg = Release|Any CPU
		{69F2093E-92C7-4FD9-8050-C27BF77830CF}.Release|Any CPU.Build.0 = Release|Any CPU
		{B03699E4-B0D3-40FB-8993-096CBBAB0841}.Debug|Any CPU.ActiveCfg = Debug|Any CPU
		{B03699E4-B0D3-40FB-8993-096CBBAB0841}.Debug|Any CPU.Build.0 = Debug|Any CPU
		{B03699E4-B0D3-40FB-8993-096CBBAB0841}.Release|Any CPU.ActiveCfg = Release|Any CPU
		{B03699E4-B0D3-40FB-8993-096CBBAB0841}.Release|Any CPU.Build.0 = Release|Any CPU
		{603B791E-8FCA-46F5-A1F0-1C3CFE2E284E}.Debug|Any CPU.ActiveCfg = Debug|Any CPU
		{603B791E-8FCA-46F5-A1F0-1C3CFE2E284E}.Debug|Any CPU.Build.0 = Debug|Any CPU
		{603B791E-8FCA-46F5-A1F0-1C3CFE2E284E}.Release|Any CPU.ActiveCfg = Release|Any CPU
		{603B791E-8FCA-46F5-A1F0-1C3CFE2E284E}.Release|Any CPU.Build.0 = Release|Any CPU
	EndGlobalSection
	GlobalSection(SolutionProperties) = preSolution
		HideSolutionNode = FALSE
	EndGlobalSection
	GlobalSection(ExtensibilityGlobals) = postSolution
		SolutionGuid = {8B2EF93A-1645-4D48-946D-72F4EA337406}
	EndGlobalSection
EndGlobal
